# WP3 G3-only runtime lock. Target: CPython 3.12, Linux x86_64.
# Install with --require-hashes; do not merge this environment into training.
attrs==26.1.0 \
    --hash=sha256:c647aa4a12dfbad9333ca4e71fe62ddc36f4e63b2d260a37a8b83d2f043ac309
certifi==2026.7.22 \
    --hash=sha256:62f22742b58a1a33014a2b6b706588a8d7e2a88ae7bd1a6ebe8c992928483775
charset-normalizer==3.5.1 \
    --hash=sha256:b9af956078716df40d985fb0dfeb2c2120c5ca92ba4ff4b388acfd01cdc14d08
idna==3.19 \
    --hash=sha256:815e7be7a7806d54abb586dc943addc79e8b2ee16915059658cbeff4b1b43bf4
jsonschema==4.26.0 \
    --hash=sha256:d489f15263b8d200f8387e64b4c3a75f06629559fb73deb8fdfb525f2dab50ce
jsonschema-specifications==2025.9.1 \
    --hash=sha256:98802fee3a11ee76ecaca44429fda8a41bff98b00a0f2838151b113f210cc6fe
pypinyin==0.55.0 \
    --hash=sha256:d53b1e8ad2cdb815fb2cb604ed3123372f5a28c6f447571244aca36fc62a286f
referencing==0.37.0 \
    --hash=sha256:381329a9f99628c9069361716891d34ad94af76e461dcb0335825aecc7692231
requests==2.33.1 \
    --hash=sha256:4e6d1ef462f3626a1f0a0a9c42dd93c63bad33f9f1c1937509b8c5c8718ab56a
rpds-py==2026.6.3 \
    --hash=sha256:ecabd69db66de867690f9797f2f8fa27ba501bbc24540cbdbdc649cd15888ba6
typing-extensions==4.16.0 \
    --hash=sha256:481caa481374e813c1b176ada14e97f1f67a4539ce9cfeb3f350d78d6370c2e8
urllib3==2.7.0 \
    --hash=sha256:9fb4c81ebbb1ce9531cce37674bbc6f1360472bc18ca9a553ede278ef7276897
